
Microsoft Visual Studio Solution File, Format Version 12.00
# Visual Studio for Mac
Project("{FAE04EC0-301F-11D3-BF4B-00C04F79EFBC}") = "multiplayerBlackjack", "Assembly-CSharp.csproj", "{7DAE12BF-B455-3925-341E-20AC49C20324}"
EndProject
Project("{FAE04EC0-301F-11D3-BF4B-00C04F79EFBC}") = "multiplayerBlackjack", "Assembly-CSharp-Editor.csproj", "{2A9B5057-A6EE-187B-D1B1-D8413A9E5523}"
EndProject
Global
	GlobalSection(SolutionConfigurationPlatforms) = preSolution
		Debug|Any CPU = Debug|Any CPU
		Release|Any CPU = Release|Any CPU
	EndGlobalSection
	GlobalSection(ProjectConfigurationPlatforms) = postSolution
		{7DAE12BF-B455-3925-341E-20AC49C20324}.Debug|Any CPU.ActiveCfg = Debug|Any CPU
		{7DAE12BF-B455-3925-341E-20AC49C20324}.Debug|Any CPU.Build.0 = Debug|Any CPU
		{7DAE12BF-B455-3925-341E-20AC49C20324}.Release|Any CPU.ActiveCfg = Release|Any CPU
		{7DAE12BF-B455-3925-341E-20AC49C20324}.Release|Any CPU.Build.0 = Release|Any CPU
		{2A9B5057-A6EE-187B-D1B1-D8413A9E5523}.Debug|Any CPU.ActiveCfg = Debug|Any CPU
		{2A9B5057-A6EE-187B-D1B1-D8413A9E5523}.Debug|Any CPU.Build.0 = Debug|Any CPU
		{2A9B5057-A6EE-187B-D1B1-D8413A9E5523}.Release|Any CPU.ActiveCfg = Release|Any CPU
		{2A9B5057-A6EE-187B-D1B1-D8413A9E5523}.Release|Any CPU.Build.0 = Release|Any CPU
	EndGlobalSection
	GlobalSection(SolutionProperties) = preSolution
		HideSolutionNode = FALSE
	EndGlobalSection
EndGlobal
